<?xml version="1.0" encoding="utf-8"?>
<Project ToolsVersion="4.0" xmlns="http://schemas.microsoft.com/developer/msbuild/2003">
  <ItemGroup>
    <Filter Include="Header Files">
      <UniqueIdentifier>{93995380-89BD-4b04-88EB-625FBE52EBFB}</UniqueIdentifier>
      <Extensions>h;hpp;hxx;hm;inl;inc;xsd</Extensions>
    </Filter>
    <Filter Include="Collider">
      <UniqueIdentifier>{512a2aec-0fb3-4599-86d8-e551c7edff75}</UniqueIdentifier>
    </Filter>
    <Filter Include="DataBase">
      <UniqueIdentifier>{14ace324-a6ef-44e2-bca6-f1c31822b598}</UniqueIdentifier>
    </Filter>
    <Filter Include="Graphics">
      <UniqueIdentifier>{294c62e6-5b9b-47b3-8740-afde5480bb88}</UniqueIdentifier>
    </Filter>
    <Filter Include="Math">
      <UniqueIdentifier>{71959e60-423c-4709-ab83-616787eafa46}</UniqueIdentifier>
    </Filter>
    <Filter Include="Input">
      <UniqueIdentifier>{736fe6c5-33de-456a-b34f-53f7ae3b5fdb}</UniqueIdentifier>
    </Filter>
    <Filter Include="Base">
      <UniqueIdentifier>{e6597b42-e374-48ec-8d6d-e9773467358e}</UniqueIdentifier>
    </Filter>
    <Filter Include="Framework">
      <UniqueIdentifier>{7a2f39cf-c963-4f23-98cb-a2cd2dfc124d}</UniqueIdentifier>
    </Filter>
    <Filter Include="Loader">
      <UniqueIdentifier>{29622ad0-1617-4c3f-a69e-783bf60ec9d0}</UniqueIdentifier>
    </Filter>
    <Filter Include="Physic">
      <UniqueIdentifier>{ea9179a4-be6b-41da-b1ac-ad1907f9571e}</UniqueIdentifier>
    </Filter>
  </ItemGroup>
  <ItemGroup>
    <ClCompile Include="Source\Collider\Collider.cpp">
      <Filter>Collider</Filter>
    </ClCompile>
    <ClCompile Include="Source\BaseDatabase.cpp">
      <Filter>DataBase</Filter>
    </ClCompile>
    <ClCompile Include="Source\CameraBase.cpp">
      <Filter>Graphics</Filter>
    </ClCompile>
    <ClCompile Include="Source\LightBase.cpp">
      <Filter>Graphics</Filter>
    </ClCompile>
    <ClCompile Include="Source\LoadOBJ.cpp">
      <Filter>Graphics</Filter>
    </ClCompile>
    <ClCompile Include="Source\LoadTGA.cpp">
      <Filter>Graphics</Filter>
    </ClCompile>
    <ClCompile Include="Source\MatrixStack.cpp">
      <Filter>Graphics</Filter>
    </ClCompile>
    <ClCompile Include="Source\Mesh.cpp">
      <Filter>Graphics</Filter>
    </ClCompile>
    <ClCompile Include="Source\MeshBuilder.cpp">
      <Filter>Graphics</Filter>
    </ClCompile>
    <ClCompile Include="Source\MeshList.cpp">
      <Filter>Graphics</Filter>
    </ClCompile>
    <ClCompile Include="Source\Mtx44.cpp">
      <Filter>Graphics</Filter>
    </ClCompile>
    <ClCompile Include="Source\SceneManager.cpp">
      <Filter>Graphics</Filter>
    </ClCompile>
    <ClCompile Include="Source\RenderHelper.cpp">
      <Filter>Graphics</Filter>
    </ClCompile>
    <ClCompile Include="Source\ShaderProgram.cpp">
      <Filter>Graphics</Filter>
    </ClCompile>
    <ClCompile Include="Source\Utility.cpp">
      <Filter>Graphics</Filter>
    </ClCompile>
    <ClCompile Include="Source\Vector2.cpp">
      <Filter>Math</Filter>
    </ClCompile>
    <ClCompile Include="Source\Vector3.cpp">
      <Filter>Math</Filter>
    </ClCompile>
    <ClCompile Include="Source\KeyboardController.cpp">
      <Filter>Input</Filter>
    </ClCompile>
    <ClCompile Include="Source\MouseController.cpp">
      <Filter>Input</Filter>
    </ClCompile>
    <ClCompile Include="Source\Win32Input.cpp">
      <Filter>Input</Filter>
    </ClCompile>
    <ClCompile Include="Source\GraphicsManager.cpp">
      <Filter>Graphics</Filter>
    </ClCompile>
    <ClCompile Include="Source\EntityBase.cpp">
      <Filter>Base</Filter>
    </ClCompile>
    <ClCompile Include="Source\timer.cpp">
      <Filter>Framework</Filter>
    </ClCompile>
    <ClCompile Include="Source\Loader.cpp">
      <Filter>Loader</Filter>
    </ClCompile>
    <ClCompile Include="Source\Physic.cpp">
      <Filter>Physic</Filter>
    </ClCompile>
  </ItemGroup>
  <ItemGroup>
    <ClInclude Include="Source\Collider\Collider.h">
      <Filter>Collider</Filter>
    </ClInclude>
    <ClInclude Include="Source\SQLKeywords.h">
      <Filter>Header Files</Filter>
    </ClInclude>
    <ClInclude Include="Source\BaseDatabase.h">
      <Filter>DataBase</Filter>
    </ClInclude>
    <ClInclude Include="Source\LoadTGA.h">
      <Filter>Graphics</Filter>
    </ClInclude>
    <ClInclude Include="Source\Material.h">
      <Filter>Graphics</Filter>
    </ClInclude>
    <ClInclude Include="Source\LoadOBJ.h">
      <Filter>Graphics</Filter>
    </ClInclude>
    <ClInclude Include="Source\LightBase.h">
      <Filter>Graphics</Filter>
    </ClInclude>
    <ClInclude Include="Source\CameraBase.h">
      <Filter>Graphics</Filter>
    </ClInclude>
    <ClInclude Include="Source\GraphicsManager.h">
      <Filter>Graphics</Filter>
    </ClInclude>
    <ClInclude Include="Source\MeshList.h">
      <Filter>Graphics</Filter>
    </ClInclude>
    <ClInclude Include="Source\MeshBuilder.h">
      <Filter>Graphics</Filter>
    </ClInclude>
    <ClInclude Include="Source\Mesh.h">
      <Filter>Graphics</Filter>
    </ClInclude>
    <ClInclude Include="Source\MatrixStack.h">
      <Filter>Graphics</Filter>
    </ClInclude>
    <ClInclude Include="Source\Mtx44.h">
      <Filter>Graphics</Filter>
    </ClInclude>
    <ClInclude Include="Source\RenderHelper.h">
      <Filter>Graphics</Filter>
    </ClInclude>
    <ClInclude Include="Source\ShaderProgram.h">
      <Filter>Graphics</Filter>
    </ClInclude>
    <ClInclude Include="Source\Utility.h">
      <Filter>Graphics</Filter>
    </ClInclude>
    <ClInclude Include="Source\MyMath.h">
      <Filter>Math</Filter>
    </ClInclude>
    <ClInclude Include="Source\Scene.h">
      <Filter>Graphics</Filter>
    </ClInclude>
    <ClInclude Include="Source\SceneManager.h">
      <Filter>Graphics</Filter>
    </ClInclude>
    <ClInclude Include="Source\Vertex.h">
      <Filter>Graphics</Filter>
    </ClInclude>
    <ClInclude Include="Source\Vector3.h">
      <Filter>Math</Filter>
    </ClInclude>
    <ClInclude Include="Source\Vector2.h">
      <Filter>Math</Filter>
    </ClInclude>
    <ClInclude Include="Source\Win32Input.h">
      <Filter>Input</Filter>
    </ClInclude>
    <ClInclude Include="Source\MouseController.h">
      <Filter>Input</Filter>
    </ClInclude>
    <ClInclude Include="Source\KeyboardController.h">
      <Filter>Input</Filter>
    </ClInclude>
    <ClInclude Include="Source\EntityBase.h">
      <Filter>Base</Filter>
    </ClInclude>
    <ClInclude Include="Source\timer.h">
      <Filter>Framework</Filter>
    </ClInclude>
    <ClInclude Include="Source\SingletonTemplate.h">
      <Filter>Framework</Filter>
    </ClInclude>
    <ClInclude Include="Source\Loader.h">
      <Filter>Loader</Filter>
    </ClInclude>
    <ClInclude Include="Source\Physic.h">
      <Filter>Physic</Filter>
    </ClInclude>
  </ItemGroup>
</Project>